// !$*UTF8*$!
{
	archiveVersion = 1;
	classes = {
	};
	objectVersion = 46;
	objects = {

/* Begin PBXBuildFile section */
		4E0EE02B1C572F1700B2AA0A /* NewMessageViewController.swift in Sources */ = {isa = PBXBuildFile; fileRef = 4E0EE02A1C572F1700B2AA0A /* NewMessageViewController.swift */; };
		4E30D07C1C63DDF0002786DA /* SpinnerPanelView.swift in Sources */ = {isa = PBXBuildFile; fileRef = 4E30D07B1C63DDF0002786DA /* SpinnerPanelView.swift */; };
		4E30D07E1C63DE6C002786DA /* RefreshView.swift in Sources */ = {isa = PBXBuildFile; fileRef = 4E30D07D1C63DE6C002786DA /* RefreshView.swift */; };
		4E30D0801C63DE8D002786DA /* RefreshItem.swift in Sources */ = {isa = PBXBuildFile; fileRef = 4E30D07F1C63DE8D002786DA /* RefreshItem.swift */; };
		4E32F7B91C5F1DC800ACA787 /* WebSocket.swift in Sources */ = {isa = PBXBuildFile; fileRef = 4E32F7B81C5F1DC800ACA787 /* WebSocket.swift */; };
		4E32F7BB1C5F1F6F00ACA787 /* libz.tbd in Frameworks */ = {isa = PBXBuildFile; fileRef = 4E32F7BA1C5F1F6F00ACA787 /* libz.tbd */; };
		4E913C7C1C4CC4360057D44A /* AppDelegate.swift in Sources */ = {isa = PBXBuildFile; fileRef = 4E913C7B1C4CC4360057D44A /* AppDelegate.swift */; };
		4E913C811C4CC4360057D44A /* Main.storyboard in Resources */ = {isa = PBXBuildFile; fileRef = 4E913C7F1C4CC4360057D44A /* Main.storyboard */; };
		4E913C841C4CC4360057D44A /* MorMessages.xcdatamodeld in Sources */ = {isa = PBXBuildFile; fileRef = 4E913C821C4CC4360057D44A /* MorMessages.xcdatamodeld */; };
		4E913C861C4CC4360057D44A /* Assets.xcassets in Resources */ = {isa = PBXBuildFile; fileRef = 4E913C851C4CC4360057D44A /* Assets.xcassets */; };
		4E913C891C4CC4360057D44A /* LaunchScreen.storyboard in Resources */ = {isa = PBXBuildFile; fileRef = 4E913C871C4CC4360057D44A /* LaunchScreen.storyboard */; };
		4E913C9F1C4CC4360057D44A /* MorMessagesUITests.swift in Sources */ = {isa = PBXBuildFile; fileRef = 4E913C9E1C4CC4360057D44A /* MorMessagesUITests.swift */; };
		4E913CAD1C4CC4BD0057D44A /* ForumServiceAuthenticationTests.swift in Sources */ = {isa = PBXBuildFile; fileRef = 4E913CAC1C4CC4BD0057D44A /* ForumServiceAuthenticationTests.swift */; };
		4E913CB01C4CC55C0057D44A /* WebClient.swift in Sources */ = {isa = PBXBuildFile; fileRef = 4E913CAF1C4CC55C0057D44A /* WebClient.swift */; };
		4E913CB21C4CC58D0057D44A /* Logger.swift in Sources */ = {isa = PBXBuildFile; fileRef = 4E913CB11C4CC58D0057D44A /* Logger.swift */; };
		4E913CB51C4CC6340057D44A /* ForumService.swift in Sources */ = {isa = PBXBuildFile; fileRef = 4E913CB41C4CC6340057D44A /* ForumService.swift */; };
		4E913CB81C4CC6730057D44A /* CoreDataStackManager.swift in Sources */ = {isa = PBXBuildFile; fileRef = 4E913CB71C4CC6730057D44A /* CoreDataStackManager.swift */; };
		4E913CCD1C4D5BCD0057D44A /* ForumServiceTestBase.swift in Sources */ = {isa = PBXBuildFile; fileRef = 4E913CCC1C4D5BCD0057D44A /* ForumServiceTestBase.swift */; };
		4E913CCF1C4D5ECF0057D44A /* ForumServiceApiTests.swift in Sources */ = {isa = PBXBuildFile; fileRef = 4E913CCE1C4D5ECF0057D44A /* ForumServiceApiTests.swift */; };
		4E913CE91C4DCCA00057D44A /* Forum+CoreDataProperties.swift in Sources */ = {isa = PBXBuildFile; fileRef = 4E913CE31C4DCCA00057D44A /* Forum+CoreDataProperties.swift */; };
		4E913CEA1C4DCCA00057D44A /* Forum.swift in Sources */ = {isa = PBXBuildFile; fileRef = 4E913CE41C4DCCA00057D44A /* Forum.swift */; };
		4E913CEB1C4DCCA00057D44A /* BaseEntity+CoreDataProperties.swift in Sources */ = {isa = PBXBuildFile; fileRef = 4E913CE51C4DCCA00057D44A /* BaseEntity+CoreDataProperties.swift */; };
		4E913CEC1C4DCCA00057D44A /* BaseEntity.swift in Sources */ = {isa = PBXBuildFile; fileRef = 4E913CE61C4DCCA00057D44A /* BaseEntity.swift */; };
		4E913CED1C4DCCA00057D44A /* Message+CoreDataProperties.swift in Sources */ = {isa = PBXBuildFile; fileRef = 4E913CE71C4DCCA00057D44A /* Message+CoreDataProperties.swift */; };
		4E913CEE1C4DCCA00057D44A /* Message.swift in Sources */ = {isa = PBXBuildFile; fileRef = 4E913CE81C4DCCA00057D44A /* Message.swift */; };
		4E913CF11C532A4F0057D44A /* LoginViewController.swift in Sources */ = {isa = PBXBuildFile; fileRef = 4E913CF01C532A4F0057D44A /* LoginViewController.swift */; };
		4E913CF31C532C300057D44A /* MorMessagesManager.swift in Sources */ = {isa = PBXBuildFile; fileRef = 4E913CF21C532C300057D44A /* MorMessagesManager.swift */; };
		4E913CF51C532CAA0057D44A /* UserInfo.swift in Sources */ = {isa = PBXBuildFile; fileRef = 4E913CF41C532CAA0057D44A /* UserInfo.swift */; };
		4E913CF71C5338250057D44A /* Constants.swift in Sources */ = {isa = PBXBuildFile; fileRef = 4E913CF61C5338250057D44A /* Constants.swift */; };
		4E913CF91C5355D10057D44A /* ForumViewController.swift in Sources */ = {isa = PBXBuildFile; fileRef = 4E913CF81C5355D10057D44A /* ForumViewController.swift */; };
		4E913CFB1C53EBA00057D44A /* ResponseStatus.swift in Sources */ = {isa = PBXBuildFile; fileRef = 4E913CFA1C53EBA00057D44A /* ResponseStatus.swift */; };
		4E913CFE1C5433840057D44A /* ForumCellView.swift in Sources */ = {isa = PBXBuildFile; fileRef = 4E913CFD1C5433840057D44A /* ForumCellView.swift */; };
		4E913D021C543DD30057D44A /* ImageCache.swift in Sources */ = {isa = PBXBuildFile; fileRef = 4E913D011C543DD30057D44A /* ImageCache.swift */; };
		4E933DD61C5C57C90003FEFC /* TaskCancelingTableViewCell.swift in Sources */ = {isa = PBXBuildFile; fileRef = 4E933DD51C5C57C90003FEFC /* TaskCancelingTableViewCell.swift */; };
		4E933DD81C5C5B630003FEFC /* MessageCellView.swift in Sources */ = {isa = PBXBuildFile; fileRef = 4E933DD71C5C5B630003FEFC /* MessageCellView.swift */; };
		4E9C388E1C546CB9002499C4 /* ToolKit.swift in Sources */ = {isa = PBXBuildFile; fileRef = 4E9C388D1C546CB9002499C4 /* ToolKit.swift */; };
		4E9C38901C556E5C002499C4 /* NewForumViewController.swift in Sources */ = {isa = PBXBuildFile; fileRef = 4E9C388F1C556E5C002499C4 /* NewForumViewController.swift */; };
		4EA6FDE91C67053300B99D7D /* DetailsViewController.swift in Sources */ = {isa = PBXBuildFile; fileRef = 4EA6FDE81C67053300B99D7D /* DetailsViewController.swift */; };
		4EA6FDEB1C68674F00B99D7D /* UIBorderLabel.swift in Sources */ = {isa = PBXBuildFile; fileRef = 4EA6FDEA1C68674F00B99D7D /* UIBorderLabel.swift */; };
		4EEA21BB1C5879C800DB0325 /* MessageViewController.swift in Sources */ = {isa = PBXBuildFile; fileRef = 4EEA21BA1C5879C800DB0325 /* MessageViewController.swift */; };
/* End PBXBuildFile section */

/* Begin PBXContainerItemProxy section */
		4E913C901C4CC4360057D44A /* PBXContainerItemProxy */ = {
			isa = PBXContainerItemProxy;
			containerPortal = 4E913C701C4CC4350057D44A /* Project object */;
			proxyType = 1;
			remoteGlobalIDString = 4E913C771C4CC4350057D44A;
			remoteInfo = MorMessages;
		};
		4E913C9B1C4CC4360057D44A /* PBXContainerItemProxy */ = {
			isa = PBXContainerItemProxy;
			containerPortal = 4E913C701C4CC4350057D44A /* Project object */;
			proxyType = 1;
			remoteGlobalIDString = 4E913C771C4CC4350057D44A;
			remoteInfo = MorMessages;
		};
/* End PBXContainerItemProxy section */

/* Begin PBXFileReference section */
		4E0EE02A1C572F1700B2AA0A /* NewMessageViewController.swift */ = {isa = PBXFileReference; fileEncoding = 4; lastKnownFileType = sourcecode.swift; path = NewMessageViewController.swift; sourceTree = "<group>"; };
		4E30D07B1C63DDF0002786DA /* SpinnerPanelView.swift */ = {isa = PBXFileReference; fileEncoding = 4; lastKnownFileType = sourcecode.swift; path = SpinnerPanelView.swift; sourceTree = "<group>"; };
		4E30D07D1C63DE6C002786DA /* RefreshView.swift */ = {isa = PBXFileReference; fileEncoding = 4; lastKnownFileType = sourcecode.swift; path = RefreshView.swift; sourceTree = "<group>"; };
		4E30D07F1C63DE8D002786DA /* RefreshItem.swift */ = {isa = PBXFileReference; fileEncoding = 4; lastKnownFileType = sourcecode.swift; path = RefreshItem.swift; sourceTree = "<group>"; };
		4E32F7B81C5F1DC800ACA787 /* WebSocket.swift */ = {isa = PBXFileReference; fileEncoding = 4; lastKnownFileType = sourcecode.swift; path = WebSocket.swift; sourceTree = "<group>"; };
		4E32F7BA1C5F1F6F00ACA787 /* libz.tbd */ = {isa = PBXFileReference; lastKnownFileType = "sourcecode.text-based-dylib-definition"; name = libz.tbd; path = usr/lib/libz.tbd; sourceTree = SDKROOT; };
		4E913C781C4CC4350057D44A /* MorMessages.app */ = {isa = PBXFileReference; explicitFileType = wrapper.application; includeInIndex = 0; path = MorMessages.app; sourceTree = BUILT_PRODUCTS_DIR; };
		4E913C7B1C4CC4360057D44A /* AppDelegate.swift */ = {isa = PBXFileReference; lastKnownFileType = sourcecode.swift; path = AppDelegate.swift; sourceTree = "<group>"; };
		4E913C801C4CC4360057D44A /* Base */ = {isa = PBXFileReference; lastKnownFileType = file.storyboard; name = Base; path = Base.lproj/Main.storyboard; sourceTree = "<group>"; };
		4E913C831C4CC4360057D44A /* MorMessages.xcdatamodel */ = {isa = PBXFileReference; lastKnownFileType = wrapper.xcdatamodel; path = MorMessages.xcdatamodel; sourceTree = "<group>"; };
		4E913C851C4CC4360057D44A /* Assets.xcassets */ = {isa = PBXFileReference; lastKnownFileType = folder.assetcatalog; path = Assets.xcassets; sourceTree = "<group>"; };
		4E913C881C4CC4360057D44A /* Base */ = {isa = PBXFileReference; lastKnownFileType = file.storyboard; name = Base; path = Base.lproj/LaunchScreen.storyboard; sourceTree = "<group>"; };
		4E913C8A1C4CC4360057D44A /* Info.plist */ = {isa = PBXFileReference; lastKnownFileType = text.plist.xml; path = Info.plist; sourceTree = "<group>"; };
		4E913C8F1C4CC4360057D44A /* MorMessagesTests.xctest */ = {isa = PBXFileReference; explicitFileType = wrapper.cfbundle; includeInIndex = 0; path = MorMessagesTests.xctest; sourceTree = BUILT_PRODUCTS_DIR; };
		4E913C951C4CC4360057D44A /* Info.plist */ = {isa = PBXFileReference; lastKnownFileType = text.plist.xml; path = Info.plist; sourceTree = "<group>"; };
		4E913C9A1C4CC4360057D44A /* MorMessagesUITests.xctest */ = {isa = PBXFileReference; explicitFileType = wrapper.cfbundle; includeInIndex = 0; path = MorMessagesUITests.xctest; sourceTree = BUILT_PRODUCTS_DIR; };
		4E913C9E1C4CC4360057D44A /* MorMessagesUITests.swift */ = {isa = PBXFileReference; lastKnownFileType = sourcecode.swift; path = MorMessagesUITests.swift; sourceTree = "<group>"; };
		4E913CA01C4CC4360057D44A /* Info.plist */ = {isa = PBXFileReference; lastKnownFileType = text.plist.xml; path = Info.plist; sourceTree = "<group>"; };
		4E913CAC1C4CC4BD0057D44A /* ForumServiceAuthenticationTests.swift */ = {isa = PBXFileReference; fileEncoding = 4; lastKnownFileType = sourcecode.swift; path = ForumServiceAuthenticationTests.swift; sourceTree = "<group>"; };
		4E913CAF1C4CC55C0057D44A /* WebClient.swift */ = {isa = PBXFileReference; fileEncoding = 4; lastKnownFileType = sourcecode.swift; path = WebClient.swift; sourceTree = "<group>"; };
		4E913CB11C4CC58D0057D44A /* Logger.swift */ = {isa = PBXFileReference; fileEncoding = 4; lastKnownFileType = sourcecode.swift; path = Logger.swift; sourceTree = "<group>"; };
		4E913CB41C4CC6340057D44A /* ForumService.swift */ = {isa = PBXFileReference; fileEncoding = 4; lastKnownFileType = sourcecode.swift; path = ForumService.swift; sourceTree = "<group>"; };
		4E913CB71C4CC6730057D44A /* CoreDataStackManager.swift */ = {isa = PBXFileReference; fileEncoding = 4; lastKnownFileType = sourcecode.swift; path = CoreDataStackManager.swift; sourceTree = "<group>"; };
		4E913CCC1C4D5BCD0057D44A /* ForumServiceTestBase.swift */ = {isa = PBXFileReference; fileEncoding = 4; lastKnownFileType = sourcecode.swift; path = ForumServiceTestBase.swift; sourceTree = "<group>"; };
		4E913CCE1C4D5ECF0057D44A /* ForumServiceApiTests.swift */ = {isa = PBXFileReference; fileEncoding = 4; lastKnownFileType = sourcecode.swift; path = ForumServiceApiTests.swift; sourceTree = "<group>"; };
		4E913CE31C4DCCA00057D44A /* Forum+CoreDataProperties.swift */ = {isa = PBXFileReference; fileEncoding = 4; lastKnownFileType = sourcecode.swift; path = "Forum+CoreDataProperties.swift"; sourceTree = "<group>"; };
		4E913CE41C4DCCA00057D44A /* Forum.swift */ = {isa = PBXFileReference; fileEncoding = 4; lastKnownFileType = sourcecode.swift; path = Forum.swift; sourceTree = "<group>"; };
		4E913CE51C4DCCA00057D44A /* BaseEntity+CoreDataProperties.swift */ = {isa = PBXFileReference; fileEncoding = 4; lastKnownFileType = sourcecode.swift; path = "BaseEntity+CoreDataProperties.swift"; sourceTree = "<group>"; };
		4E913CE61C4DCCA00057D44A /* BaseEntity.swift */ = {isa = PBXFileReference; fileEncoding = 4; lastKnownFileType = sourcecode.swift; path = BaseEntity.swift; sourceTree = "<group>"; };
		4E913CE71C4DCCA00057D44A /* Message+CoreDataProperties.swift */ = {isa = PBXFileReference; fileEncoding = 4; lastKnownFileType = sourcecode.swift; path = "Message+CoreDataProperties.swift"; sourceTree = "<group>"; };
		4E913CE81C4DCCA00057D44A /* Message.swift */ = {isa = PBXFileReference; fileEncoding = 4; lastKnownFileType = sourcecode.swift; path = Message.swift; sourceTree = "<group>"; };
		4E913CF01C532A4F0057D44A /* LoginViewController.swift */ = {isa = PBXFileReference; fileEncoding = 4; lastKnownFileType = sourcecode.swift; path = LoginViewController.swift; sourceTree = "<group>"; };
		4E913CF21C532C300057D44A /* MorMessagesManager.swift */ = {isa = PBXFileReference; fileEncoding = 4; lastKnownFileType = sourcecode.swift; path = MorMessagesManager.swift; sourceTree = "<group>"; };
		4E913CF41C532CAA0057D44A /* UserInfo.swift */ = {isa = PBXFileReference; fileEncoding = 4; lastKnownFileType = sourcecode.swift; path = UserInfo.swift; sourceTree = "<group>"; };
		4E913CF61C5338250057D44A /* Constants.swift */ = {isa = PBXFileReference; fileEncoding = 4; lastKnownFileType = sourcecode.swift; path = Constants.swift; sourceTree = "<group>"; };
		4E913CF81C5355D10057D44A /* ForumViewController.swift */ = {isa = PBXFileReference; fileEncoding = 4; lastKnownFileType = sourcecode.swift; path = ForumViewController.swift; sourceTree = "<group>"; };
		4E913CFA1C53EBA00057D44A /* ResponseStatus.swift */ = {isa = PBXFileReference; fileEncoding = 4; lastKnownFileType = sourcecode.swift; path = ResponseStatus.swift; sourceTree = "<group>"; };
		4E913CFD1C5433840057D44A /* ForumCellView.swift */ = {isa = PBXFileReference; fileEncoding = 4; lastKnownFileType = sourcecode.swift; path = ForumCellView.swift; sourceTree = "<group>"; };
		4E913D011C543DD30057D44A /* ImageCache.swift */ = {isa = PBXFileReference; fileEncoding = 4; lastKnownFileType = sourcecode.swift; path = ImageCache.swift; sourceTree = "<group>"; };
		4E933DD51C5C57C90003FEFC /* TaskCancelingTableViewCell.swift */ = {isa = PBXFileReference; fileEncoding = 4; lastKnownFileType = sourcecode.swift; path = TaskCancelingTableViewCell.swift; sourceTree = "<group>"; };
		4E933DD71C5C5B630003FEFC /* MessageCellView.swift */ = {isa = PBXFileReference; fileEncoding = 4; lastKnownFileType = sourcecode.swift; path = MessageCellView.swift; sourceTree = "<group>"; };
		4E9C388C1C546C8C002499C4 /* MorMessages-Bridging-Header.h */ = {isa = PBXFileReference; lastKnownFileType = sourcecode.c.h; path = "MorMessages-Bridging-Header.h"; sourceTree = "<group>"; };
		4E9C388D1C546CB9002499C4 /* ToolKit.swift */ = {isa = PBXFileReference; fileEncoding = 4; lastKnownFileType = sourcecode.swift; path = ToolKit.swift; sourceTree = "<group>"; };
		4E9C388F1C556E5C002499C4 /* NewForumViewController.swift */ = {isa = PBXFileReference; fileEncoding = 4; lastKnownFileType = sourcecode.swift; path = NewForumViewController.swift; sourceTree = "<group>"; };
		4EA6FDE81C67053300B99D7D /* DetailsViewController.swift */ = {isa = PBXFileReference; fileEncoding = 4; lastKnownFileType = sourcecode.swift; path = DetailsViewController.swift; sourceTree = "<group>"; };
		4EA6FDEA1C68674F00B99D7D /* UIBorderLabel.swift */ = {isa = PBXFileReference; fileEncoding = 4; lastKnownFileType = sourcecode.swift; path = UIBorderLabel.swift; sourceTree = "<group>"; };
		4EEA21BA1C5879C800DB0325 /* MessageViewController.swift */ = {isa = PBXFileReference; fileEncoding = 4; lastKnownFileType = sourcecode.swift; path = MessageViewController.swift; sourceTree = "<group>"; };
/* End PBXFileReference section */

/* Begin PBXFrameworksBuildPhase section */
		4E913C751C4CC4350057D44A /* Frameworks */ = {
			isa = PBXFrameworksBuildPhase;
			buildActionMask = 2147483647;
			files = (
				4E32F7BB1C5F1F6F00ACA787 /* libz.tbd in Frameworks */,
			);
			runOnlyForDeploymentPostprocessing = 0;
		};
		4E913C8C1C4CC4360057D44A /* Frameworks */ = {
			isa = PBXFrameworksBuildPhase;
			buildActionMask = 2147483647;
			files = (
			);
			runOnlyForDeploymentPostprocessing = 0;
		};
		4E913C971C4CC4360057D44A /* Frameworks */ = {
			isa = PBXFrameworksBuildPhase;
			buildActionMask = 2147483647;
			files = (
			);
			runOnlyForDeploymentPostprocessing = 0;
		};
/* End PBXFrameworksBuildPhase section */

/* Begin PBXGroup section */
		4E32F7B71C5F1D9600ACA787 /* ThirdParty */ = {
			isa = PBXGroup;
			children = (
				4E913D011C543DD30057D44A /* ImageCache.swift */,
				4E32F7B81C5F1DC800ACA787 /* WebSocket.swift */,
			);
			name = ThirdParty;
			sourceTree = "<group>";
		};
		4E913C6F1C4CC4350057D44A = {
			isa = PBXGroup;
			children = (
				4E32F7BA1C5F1F6F00ACA787 /* libz.tbd */,
				4E913C7A1C4CC4360057D44A /* MorMessages */,
				4E913C921C4CC4360057D44A /* MorMessagesTests */,
				4E913C9D1C4CC4360057D44A /* MorMessagesUITests */,
				4E913C791C4CC4350057D44A /* Products */,
			);
			sourceTree = "<group>";
		};
		4E913C791C4CC4350057D44A /* Products */ = {
			isa = PBXGroup;
			children = (
				4E913C781C4CC4350057D44A /* MorMessages.app */,
				4E913C8F1C4CC4360057D44A /* MorMessagesTests.xctest */,
				4E913C9A1C4CC4360057D44A /* MorMessagesUITests.xctest */,
			);
			name = Products;
			sourceTree = "<group>";
		};
		4E913C7A1C4CC4360057D44A /* MorMessages */ = {
			isa = PBXGroup;
			children = (
				4E32F7B71C5F1D9600ACA787 /* ThirdParty */,
				4E913CAE1C4CC5400057D44A /* Public */,
				4E913CB31C4CC5C80057D44A /* Internet */,
				4E913CB91C4CC8990057D44A /* Model */,
				4E913CB61C4CC6620057D44A /* Persistence */,
				4E913CEF1C532A270057D44A /* ViewControllers */,
				4E913CFC1C5433470057D44A /* Views */,
				4E913C7B1C4CC4360057D44A /* AppDelegate.swift */,
				4E913C7F1C4CC4360057D44A /* Main.storyboard */,
				4E913C851C4CC4360057D44A /* Assets.xcassets */,
				4E913C871C4CC4360057D44A /* LaunchScreen.storyboard */,
				4E913C8A1C4CC4360057D44A /* Info.plist */,
				4E913C821C4CC4360057D44A /* MorMessages.xcdatamodeld */,
			);
			path = MorMessages;
			sourceTree = "<group>";
		};
		4E913C921C4CC4360057D44A /* MorMessagesTests */ = {
			isa = PBXGroup;
			children = (
				4E913C951C4CC4360057D44A /* Info.plist */,
				4E913CAC1C4CC4BD0057D44A /* ForumServiceAuthenticationTests.swift */,
				4E913CCC1C4D5BCD0057D44A /* ForumServiceTestBase.swift */,
				4E913CCE1C4D5ECF0057D44A /* ForumServiceApiTests.swift */,
			);
			path = MorMessagesTests;
			sourceTree = "<group>";
		};
		4E913C9D1C4CC4360057D44A /* MorMessagesUITests */ = {
			isa = PBXGroup;
			children = (
				4E913C9E1C4CC4360057D44A /* MorMessagesUITests.swift */,
				4E913CA01C4CC4360057D44A /* Info.plist */,
			);
			path = MorMessagesUITests;
			sourceTree = "<group>";
		};
		4E913CAE1C4CC5400057D44A /* Public */ = {
			isa = PBXGroup;
			children = (
				4E913CAF1C4CC55C0057D44A /* WebClient.swift */,
				4E913CB11C4CC58D0057D44A /* Logger.swift */,
				4E9C388C1C546C8C002499C4 /* MorMessages-Bridging-Header.h */,
				4E9C388D1C546CB9002499C4 /* ToolKit.swift */,
			);
			name = Public;
			sourceTree = "<group>";
		};
		4E913CB31C4CC5C80057D44A /* Internet */ = {
			isa = PBXGroup;
			children = (
				4E913CB41C4CC6340057D44A /* ForumService.swift */,
			);
			name = Internet;
			sourceTree = "<group>";
		};
		4E913CB61C4CC6620057D44A /* Persistence */ = {
			isa = PBXGroup;
			children = (
				4E913CB71C4CC6730057D44A /* CoreDataStackManager.swift */,
			);
			name = Persistence;
			sourceTree = "<group>";
		};
		4E913CB91C4CC8990057D44A /* Model */ = {
			isa = PBXGroup;
			children = (
				4E913CE31C4DCCA00057D44A /* Forum+CoreDataProperties.swift */,
				4E913CE41C4DCCA00057D44A /* Forum.swift */,
				4E913CE51C4DCCA00057D44A /* BaseEntity+CoreDataProperties.swift */,
				4E913CE61C4DCCA00057D44A /* BaseEntity.swift */,
				4E913CE71C4DCCA00057D44A /* Message+CoreDataProperties.swift */,
				4E913CE81C4DCCA00057D44A /* Message.swift */,
				4E913CF41C532CAA0057D44A /* UserInfo.swift */,
				4E913CFA1C53EBA00057D44A /* ResponseStatus.swift */,
			);
			name = Model;
			sourceTree = "<group>";
		};
		4E913CEF1C532A270057D44A /* ViewControllers */ = {
			isa = PBXGroup;
			children = (
				4E913CF01C532A4F0057D44A /* LoginViewController.swift */,
				4E913CF81C5355D10057D44A /* ForumViewController.swift */,
				4E9C388F1C556E5C002499C4 /* NewForumViewController.swift */,
				4EEA21BA1C5879C800DB0325 /* MessageViewController.swift */,
				4E0EE02A1C572F1700B2AA0A /* NewMessageViewController.swift */,
				4EA6FDE81C67053300B99D7D /* DetailsViewController.swift */,
				4E913CF21C532C300057D44A /* MorMessagesManager.swift */,
				4E913CF61C5338250057D44A /* Constants.swift */,
			);
			name = ViewControllers;
			sourceTree = "<group>";
		};
		4E913CFC1C5433470057D44A /* Views */ = {
			isa = PBXGroup;
			children = (
				4E913CFD1C5433840057D44A /* ForumCellView.swift */,
				4E933DD51C5C57C90003FEFC /* TaskCancelingTableViewCell.swift */,
				4E933DD71C5C5B630003FEFC /* MessageCellView.swift */,
				4E30D07B1C63DDF0002786DA /* SpinnerPanelView.swift */,
				4E30D07D1C63DE6C002786DA /* RefreshView.swift */,
				4E30D07F1C63DE8D002786DA /* RefreshItem.swift */,
				4EA6FDEA1C68674F00B99D7D /* UIBorderLabel.swift */,
			);
			name = Views;
			sourceTree = "<group>";
		};
/* End PBXGroup section */

/* Begin PBXNativeTarget section */
		4E913C771C4CC4350057D44A /* MorMessages */ = {
			isa = PBXNativeTarget;
			buildConfigurationList = 4E913CA31C4CC4360057D44A /* Build configuration list for PBXNativeTarget "MorMessages" */;
			buildPhases = (
				4E913C741C4CC4350057D44A /* Sources */,
				4E913C751C4CC4350057D44A /* Frameworks */,
				4E913C761C4CC4350057D44A /* Resources */,
			);
			buildRules = (
			);
			dependencies = (
			);
			name = MorMessages;
			productName = MorMessages;
			productReference = 4E913C781C4CC4350057D44A /* MorMessages.app */;
			productType = "com.apple.product-type.application";
		};
		4E913C8E1C4CC4360057D44A /* MorMessagesTests */ = {
			isa = PBXNativeTarget;
			buildConfigurationList = 4E913CA61C4CC4360057D44A /* Build configuration list for PBXNativeTarget "MorMessagesTests" */;
			buildPhases = (
				4E913C8B1C4CC4360057D44A /* Sources */,
				4E913C8C1C4CC4360057D44A /* Frameworks */,
				4E913C8D1C4CC4360057D44A /* Resources */,
			);
			buildRules = (
			);
			dependencies = (
				4E913C911C4CC4360057D44A /* PBXTargetDependency */,
			);
			name = MorMessagesTests;
			productName = MorMessagesTests;
			productReference = 4E913C8F1C4CC4360057D44A /* MorMessagesTests.xctest */;
			productType = "com.apple.product-type.bundle.unit-test";
		};
		4E913C991C4CC4360057D44A /* MorMessagesUITests */ = {
			isa = PBXNativeTarget;
			buildConfigurationList = 4E913CA91C4CC4360057D44A /* Build configuration list for PBXNativeTarget "MorMessagesUITests" */;
			buildPhases = (
				4E913C961C4CC4360057D44A /* Sources */,
				4E913C971C4CC4360057D44A /* Frameworks */,
				4E913C981C4CC4360057D44A /* Resources */,
			);
			buildRules = (
			);
			dependencies = (
				4E913C9C1C4CC4360057D44A /* PBXTargetDependency */,
			);
			name = MorMessagesUITests;
			productName = MorMessagesUITests;
			productReference = 4E913C9A1C4CC4360057D44A /* MorMessagesUITests.xctest */;
			productType = "com.apple.product-type.bundle.ui-testing";
		};
/* End PBXNativeTarget section */

/* Begin PBXProject section */
		4E913C701C4CC4350057D44A /* Project object */ = {
			isa = PBXProject;
			attributes = {
				LastSwiftUpdateCheck = 0720;
				LastUpgradeCheck = 0720;
				ORGANIZATIONNAME = "Brian Moriarty";
				TargetAttributes = {
					4E913C771C4CC4350057D44A = {
						CreatedOnToolsVersion = 7.2;
						DevelopmentTeam = S6X628U2P5;
					};
					4E913C8E1C4CC4360057D44A = {
						CreatedOnToolsVersion = 7.2;
						TestTargetID = 4E913C771C4CC4350057D44A;
					};
					4E913C991C4CC4360057D44A = {
						CreatedOnToolsVersion = 7.2;
						TestTargetID = 4E913C771C4CC4350057D44A;
					};
				};
			};
			buildConfigurationList = 4E913C731C4CC4350057D44A /* Build configuration list for PBXProject "MorMessages" */;
			compatibilityVersion = "Xcode 3.2";
			developmentRegion = English;
			hasScannedForEncodings = 0;
			knownRegions = (
				en,
				Base,
			);
			mainGroup = 4E913C6F1C4CC4350057D44A;
			productRefGroup = 4E913C791C4CC4350057D44A /* Products */;
			projectDirPath = "";
			projectRoot = "";
			targets = (
				4E913C771C4CC4350057D44A /* MorMessages */,
				4E913C8E1C4CC4360057D44A /* MorMessagesTests */,
				4E913C991C4CC4360057D44A /* MorMessagesUITests */,
			);
		};
/* End PBXProject section */

/* Begin PBXResourcesBuildPhase section */
		4E913C761C4CC4350057D44A /* Resources */ = {
			isa = PBXResourcesBuildPhase;
			buildActionMask = 2147483647;
			files = (
				4E913C891C4CC4360057D44A /* LaunchScreen.storyboard in Resources */,
				4E913C861C4CC4360057D44A /* Assets.xcassets in Resources */,
				4E913C811C4CC4360057D44A /* Main.storyboard in Resources */,
			);
			runOnlyForDeploymentPostprocessing = 0;
		};
		4E913C8D1C4CC4360057D44A /* Resources */ = {
			isa = PBXResourcesBuildPhase;
			buildActionMask = 2147483647;
			files = (
			);
			runOnlyForDeploymentPostprocessing = 0;
		};
		4E913C981C4CC4360057D44A /* Resources */ = {
			isa = PBXResourcesBuildPhase;
			buildActionMask = 2147483647;
			files = (
			);
			runOnlyForDeploymentPostprocessing = 0;
		};
/* End PBXResourcesBuildPhase section */

/* Begin PBXSourcesBuildPhase section */
		4E913C741C4CC4350057D44A /* Sources */ = {
			isa = PBXSourcesBuildPhase;
			buildActionMask = 2147483647;
			files = (
				4E913D021C543DD30057D44A /* ImageCache.swift in Sources */,
				4E9C38901C556E5C002499C4 /* NewForumViewController.swift in Sources */,
				4E933DD61C5C57C90003FEFC /* TaskCancelingTableViewCell.swift in Sources */,
				4E913CE91C4DCCA00057D44A /* Forum+CoreDataProperties.swift in Sources */,
				4E913CEB1C4DCCA00057D44A /* BaseEntity+CoreDataProperties.swift in Sources */,
				4E913CF11C532A4F0057D44A /* LoginViewController.swift in Sources */,
				4E913CF31C532C300057D44A /* MorMessagesManager.swift in Sources */,
				4E913CF51C532CAA0057D44A /* UserInfo.swift in Sources */,
				4E913CB21C4CC58D0057D44A /* Logger.swift in Sources */,
				4E30D0801C63DE8D002786DA /* RefreshItem.swift in Sources */,
				4EA6FDEB1C68674F00B99D7D /* UIBorderLabel.swift in Sources */,
				4E913C841C4CC4360057D44A /* MorMessages.xcdatamodeld in Sources */,
				4E913CED1C4DCCA00057D44A /* Message+CoreDataProperties.swift in Sources */,
				4E913CB81C4CC6730057D44A /* CoreDataStackManager.swift in Sources */,
				4E30D07E1C63DE6C002786DA /* RefreshView.swift in Sources */,
				4E913CEC1C4DCCA00057D44A /* BaseEntity.swift in Sources */,
				4E32F7B91C5F1DC800ACA787 /* WebSocket.swift in Sources */,
				4EEA21BB1C5879C800DB0325 /* MessageViewController.swift in Sources */,
				4E913CF91C5355D10057D44A /* ForumViewController.swift in Sources */,
				4E913CB51C4CC6340057D44A /* ForumService.swift in Sources */,
				4E913CFB1C53EBA00057D44A /* ResponseStatus.swift in Sources */,
				4E0EE02B1C572F1700B2AA0A /* NewMessageViewController.swift in Sources */,
				4E933DD81C5C5B630003FEFC /* MessageCellView.swift in Sources */,
				4EA6FDE91C67053300B99D7D /* DetailsViewController.swift in Sources */,
				4E913CFE1C5433840057D44A /* ForumCellView.swift in Sources */,
				4E913C7C1C4CC4360057D44A /* AppDelegate.swift in Sources */,
				4E913CB01C4CC55C0057D44A /* WebClient.swift in Sources */,
				4E30D07C1C63DDF0002786DA /* SpinnerPanelView.swift in Sources */,
				4E913CEA1C4DCCA00057D44A /* Forum.swift in Sources */,
				4E913CEE1C4DCCA00057D44A /* Message.swift in Sources */,
				4E913CF71C5338250057D44A /* Constants.swift in Sources */,
				4E9C388E1C546CB9002499C4 /* ToolKit.swift in Sources */,
			);
			runOnlyForDeploymentPostprocessing = 0;
		};
		4E913C8B1C4CC4360057D44A /* Sources */ = {
			isa = PBXSourcesBuildPhase;
			buildActionMask = 2147483647;
			files = (
				4E913CCF1C4D5ECF0057D44A /* ForumServiceApiTests.swift in Sources */,
				4E913CAD1C4CC4BD0057D44A /* ForumServiceAuthenticationTests.swift in Sources */,
				4E913CCD1C4D5BCD0057D44A /* ForumServiceTestBase.swift in Sources */,
			);
			runOnlyForDeploymentPostprocessing = 0;
		};
		4E913C961C4CC4360057D44A /* Sources */ = {
			isa = PBXSourcesBuildPhase;
			buildActionMask = 2147483647;
			files = (
				4E913C9F1C4CC4360057D44A /* MorMessagesUITests.swift in Sources */,
			);
			runOnlyForDeploymentPostprocessing = 0;
		};
/* End PBXSourcesBuildPhase section */

/* Begin PBXTargetDependency section */
		4E913C911C4CC4360057D44A /* PBXTargetDependency */ = {
			isa = PBXTargetDependency;
			target = 4E913C771C4CC4350057D44A /* MorMessages */;
			targetProxy = 4E913C901C4CC4360057D44A /* PBXContainerItemProxy */;
		};
		4E913C9C1C4CC4360057D44A /* PBXTargetDependency */ = {
			isa = PBXTargetDependency;
			target = 4E913C771C4CC4350057D44A /* MorMessages */;
			targetProxy = 4E913C9B1C4CC4360057D44A /* PBXContainerItemProxy */;
		};
/* End PBXTargetDependency section */

/* Begin PBXVariantGroup section */
		4E913C7F1C4CC4360057D44A /* Main.storyboard */ = {
			isa = PBXVariantGroup;
			children = (
				4E913C801C4CC4360057D44A /* Base */,
			);
			name = Main.storyboard;
			sourceTree = "<group>";
		};
		4E913C871C4CC4360057D44A /* LaunchScreen.storyboard */ = {
			isa = PBXVariantGroup;
			children = (
				4E913C881C4CC4360057D44A /* Base */,
			);
			name = LaunchScreen.storyboard;
			sourceTree = "<group>";
		};
/* End PBXVariantGroup section */

/* Begin XCBuildConfiguration section */
		4E913CA11C4CC4360057D44A /* Debug */ = {
			isa = XCBuildConfiguration;
			buildSettings = {
				ALWAYS_SEARCH_USER_PATHS = NO;
				CLANG_CXX_LANGUAGE_STANDARD = "gnu++0x";
				CLANG_CXX_LIBRARY = "libc++";
				CLANG_ENABLE_MODULES = YES;
				CLANG_ENABLE_OBJC_ARC = YES;
				CLANG_WARN_BOOL_CONVERSION = YES;
				CLANG_WARN_CONSTANT_CONVERSION = YES;
				CLANG_WARN_DIRECT_OBJC_ISA_USAGE = YES_ERROR;
				CLANG_WARN_EMPTY_BODY = YES;
				CLANG_WARN_ENUM_CONVERSION = YES;
				CLANG_WARN_INT_CONVERSION = YES;
				CLANG_WARN_OBJC_ROOT_CLASS = YES_ERROR;
				CLANG_WARN_UNREACHABLE_CODE = YES;
				CLANG_WARN__DUPLICATE_METHOD_MATCH = YES;
				"CODE_SIGN_IDENTITY[sdk=iphoneos*]" = "iPhone Developer";
				COPY_PHASE_STRIP = NO;
				DEBUG_INFORMATION_FORMAT = dwarf;
				ENABLE_STRICT_OBJC_MSGSEND = YES;
				ENABLE_TESTABILITY = YES;
				GCC_C_LANGUAGE_STANDARD = gnu99;
				GCC_DYNAMIC_NO_PIC = NO;
				GCC_NO_COMMON_BLOCKS = YES;
				GCC_OPTIMIZATION_LEVEL = 0;
				GCC_PREPROCESSOR_DEFINITIONS = (
					"DEBUG=1",
					"$(inherited)",
				);
				GCC_WARN_64_TO_32_BIT_CONVERSION = YES;
				GCC_WARN_ABOUT_RETURN_TYPE = YES_ERROR;
				GCC_WARN_UNDECLARED_SELECTOR = YES;
				GCC_WARN_UNINITIALIZED_AUTOS = YES_AGGRESSIVE;
				GCC_WARN_UNUSED_FUNCTION = YES;
				GCC_WARN_UNUSED_VARIABLE = YES;
				IPHONEOS_DEPLOYMENT_TARGET = 9.2;
				MTL_ENABLE_DEBUG_INFO = YES;
				ONLY_ACTIVE_ARCH = YES;
				OTHER_LDFLAGS = "";
				SDKROOT = iphoneos;
				SWIFT_OBJC_BRIDGING_HEADER = "MorMessages/MorMessages-Bridging-Header.h";
				SWIFT_OPTIMIZATION_LEVEL = "-Onone";
				TARGETED_DEVICE_FAMILY = "1,2";
			};
			name = Debug;
		};
		4E913CA21C4CC4360057D44A /* Release */ = {
			isa = XCBuildConfiguration;
			buildSettings = {
				ALWAYS_SEARCH_USER_PATHS = NO;
				CLANG_CXX_LANGUAGE_STANDARD = "gnu++0x";
				CLANG_CXX_LIBRARY = "libc++";
				CLANG_ENABLE_MODULES = YES;
				CLANG_ENABLE_OBJC_ARC = YES;
				CLANG_WARN_BOOL_CONVERSION = YES;
				CLANG_WARN_CONSTANT_CONVERSION = YES;
				CLANG_WARN_DIRECT_OBJC_ISA_USAGE = YES_ERROR;
				CLANG_WARN_EMPTY_BODY = YES;
				CLANG_WARN_ENUM_CONVERSION = YES;
				CLANG_WARN_INT_CONVERSION = YES;
				CLANG_WARN_OBJC_ROOT_CLASS = YES_ERROR;
				CLANG_WARN_UNREACHABLE_CODE = YES;
				CLANG_WARN__DUPLICATE_METHOD_MATCH = YES;
				"CODE_SIGN_IDENTITY[sdk=iphoneos*]" = "iPhone Developer";
				COPY_PHASE_STRIP = NO;
				DEBUG_INFORMATION_FORMAT = "dwarf-with-dsym";
				ENABLE_NS_ASSERTIONS = NO;
				ENABLE_STRICT_OBJC_MSGSEND = YES;
				GCC_C_LANGUAGE_STANDARD = gnu99;
				GCC_NO_COMMON_BLOCKS = YES;
				GCC_WARN_64_TO_32_BIT_CONVERSION = YES;
				GCC_WARN_ABOUT_RETURN_TYPE = YES_ERROR;
				GCC_WARN_UNDECLARED_SELECTOR = YES;
				GCC_WARN_UNINITIALIZED_AUTOS = YES_AGGRESSIVE;
				GCC_WARN_UNUSED_FUNCTION = YES;
				GCC_WARN_UNUSED_VARIABLE = YES;
				IPHONEOS_DEPLOYMENT_TARGET = 9.2;
				MTL_ENABLE_DEBUG_INFO = NO;
				OTHER_LDFLAGS = "";
				SDKROOT = iphoneos;
				SWIFT_OBJC_BRIDGING_HEADER = "MorMessages/MorMessages-Bridging-Header.h";
				TARGETED_DEVICE_FAMILY = "1,2";
				VALIDATE_PRODUCT = YES;
			};
			name = Release;
		};
		4E913CA41C4CC4360057D44A /* Debug */ = {
			isa = XCBuildConfiguration;
			buildSettings = {
				ASSETCATALOG_COMPILER_APPICON_NAME = AppIcon;
				CODE_SIGN_IDENTITY = "iPhone Developer";
				"CODE_SIGN_IDENTITY[sdk=iphoneos*]" = "iPhone Developer";
				ENABLE_STRICT_OBJC_MSGSEND = YES;
				GCC_PREPROCESSOR_DEFINITIONS = "Debug=1";
				INFOPLIST_FILE = MorMessages/Info.plist;
				LD_RUNPATH_SEARCH_PATHS = "$(inherited) @executable_path/Frameworks";
				OTHER_LDFLAGS = "";
				PRODUCT_BUNDLE_IDENTIFIER = morbrian.MorMessages;
				PRODUCT_NAME = "$(TARGET_NAME)";
				PROVISIONING_PROFILE = "";
			};
			name = Debug;
		};
		4E913CA51C4CC4360057D44A /* Release */ = {
			isa = XCBuildConfiguration;
			buildSettings = {
				ASSETCATALOG_COMPILER_APPICON_NAME = AppIcon;
				CODE_SIGN_IDENTITY = "iPhone Developer";
				"CODE_SIGN_IDENTITY[sdk=iphoneos*]" = "iPhone Developer";
				ENABLE_STRICT_OBJC_MSGSEND = YES;
				GCC_PREPROCESSOR_DEFINITIONS = "";
				INFOPLIST_FILE = MorMessages/Info.plist;
				LD_RUNPATH_SEARCH_PATHS = "$(inherited) @executable_path/Frameworks";
				OTHER_LDFLAGS = "";
				PRODUCT_BUNDLE_IDENTIFIER = morbrian.MorMessages;
				PRODUCT_NAME = "$(TARGET_NAME)";
				PROVISIONING_PROFILE = "";
			};
			name = Release;
		};
		4E913CA71C4CC4360057D44A /* Debug */ = {
			isa = XCBuildConfiguration;
			buildSettings = {
				BUNDLE_LOADER = "$(TEST_HOST)";
				INFOPLIST_FILE = MorMessagesTests/Info.plist;
				LD_RUNPATH_SEARCH_PATHS = "$(inherited) @executable_path/Frameworks @loader_path/Frameworks";
				PRODUCT_BUNDLE_IDENTIFIER = morbrian.MorMessagesTests;
				PRODUCT_NAME = "$(TARGET_NAME)";
				TEST_HOST = "$(BUILT_PRODUCTS_DIR)/MorMessages.app/MorMessages";
			};
			name = Debug;
		};
		4E913CA81C4CC4360057D44A /* Release */ = {
			isa = XCBuildConfiguration;
			buildSettings = {
				BUNDLE_LOADER = "$(TEST_HOST)";
				INFOPLIST_FILE = MorMessagesTests/Info.plist;
				LD_RUNPATH_SEARCH_PATHS = "$(inherited) @executable_path/Frameworks @loader_path/Frameworks";
				PRODUCT_BUNDLE_IDENTIFIER = morbrian.MorMessagesTests;
				PRODUCT_NAME = "$(TARGET_NAME)";
				TEST_HOST = "$(BUILT_PRODUCTS_DIR)/MorMessages.app/MorMessages";
			};
			name = Release;
		};
		4E913CAA1C4CC4360057D44A /* Debug */ = {
			isa = XCBuildConfiguration;
			buildSettings = {
				INFOPLIST_FILE = MorMessagesUITests/Info.plist;
				LD_RUNPATH_SEARCH_PATHS = "$(inherited) @executable_path/Frameworks @loader_path/Frameworks";
				PRODUCT_BUNDLE_IDENTIFIER = morbrian.MorMessagesUITests;
				PRODUCT_NAME = "$(TARGET_NAME)";
				TEST_TARGET_NAME = MorMessages;
				USES_XCTRUNNER = YES;
			};
			name = Debug;
		};
		4E913CAB1C4CC4360057D44A /* Release */ = {
			isa = XCBuildConfiguration;
			buildSettings = {
				INFOPLIST_FILE = MorMessagesUITests/Info.plist;
				LD_RUNPATH_SEARCH_PATHS = "$(inherited) @executable_path/Frameworks @loader_path/Frameworks";
				PRODUCT_BUNDLE_IDENTIFIER = morbrian.MorMessagesUITests;
				PRODUCT_NAME = "$(TARGET_NAME)";
				TEST_TARGET_NAME = MorMessages;
				USES_XCTRUNNER = YES;
			};
			name = Release;
		};
/* End XCBuildConfiguration section */

/* Begin XCConfigurationList section */
		4E913C731C4CC4350057D44A /* Build configuration list for PBXProject "MorMessages" */ = {
			isa = XCConfigurationList;
			buildConfigurations = (
				4E913CA11C4CC4360057D44A /* Debug */,
				4E913CA21C4CC4360057D44A /* Release */,
			);
			defaultConfigurationIsVisible = 0;
			defaultConfigurationName = Release;
		};
		4E913CA31C4CC4360057D44A /* Build configuration list for PBXNativeTarget "MorMessages" */ = {
			isa = XCConfigurationList;
			buildConfigurations = (
				4E913CA41C4CC4360057D44A /* Debug */,
				4E913CA51C4CC4360057D44A /* Release */,
			);
			defaultConfigurationIsVisible = 0;
			defaultConfigurationName = Release;
		};
		4E913CA61C4CC4360057D44A /* Build configuration list for PBXNativeTarget "MorMessagesTests" */ = {
			isa = XCConfigurationList;
			buildConfigurations = (
				4E913CA71C4CC4360057D44A /* Debug */,
				4E913CA81C4CC4360057D44A /* Release */,
			);
			defaultConfigurationIsVisible = 0;
			defaultConfigurationName = Release;
		};
		4E913CA91C4CC4360057D44A /* Build configuration list for PBXNativeTarget "MorMessagesUITests" */ = {
			isa = XCConfigurationList;
			buildConfigurations = (
				4E913CAA1C4CC4360057D44A /* Debug */,
				4E913CAB1C4CC4360057D44A /* Release */,
			);
			defaultConfigurationIsVisible = 0;
			defaultConfigurationName = Release;
		};
/* End XCConfigurationList section */

/* Begin XCVersionGroup section */
		4E913C821C4CC4360057D44A /* MorMessages.xcdatamodeld */ = {
			isa = XCVersionGroup;
			children = (
				4E913C831C4CC4360057D44A /* MorMessages.xcdatamodel */,
			);
			currentVersion = 4E913C831C4CC4360057D44A /* MorMessages.xcdatamodel */;
			path = MorMessages.xcdatamodeld;
			sourceTree = "<group>";
			versionGroupType = wrapper.xcdatamodel;
		};
/* End XCVersionGroup section */
	};
	rootObject = 4E913C701C4CC4350057D44A /* Project object */;
}
